// !$*UTF8*$!
{
	archiveVersion = 1;
	classes = {
	};
	objectVersion = 56;
	objects = {

/* Begin PBXBuildFile section */
		3F0E8C6A2AACFA6B00D14BCD /* RegistrationView.swift in Sources */ = {isa = PBXBuildFile; fileRef = 3F0E8C692AACFA6B00D14BCD /* RegistrationView.swift */; };
		3F0E8C6C2AACFDC200D14BCD /* ProfileView.swift in Sources */ = {isa = PBXBuildFile; fileRef = 3F0E8C6B2AACFDC200D14BCD /* ProfileView.swift */; };
		3F0E8C6E2AAD004300D14BCD /* SettingsRowView.swift in Sources */ = {isa = PBXBuildFile; fileRef = 3F0E8C6D2AAD004300D14BCD /* SettingsRowView.swift */; };
		3F0E8C702AAD1EB000D14BCD /* User.swift in Sources */ = {isa = PBXBuildFile; fileRef = 3F0E8C6F2AAD1EB000D14BCD /* User.swift */; };
		3F0E8C722AAD265C00D14BCD /* GoogleService-Info.plist in Resources */ = {isa = PBXBuildFile; fileRef = 3F0E8C712AAD265C00D14BCD /* GoogleService-Info.plist */; };
		3F0E8C752AAD538A00D14BCD /* FirebaseAuth in Frameworks */ = {isa = PBXBuildFile; productRef = 3F0E8C742AAD538A00D14BCD /* FirebaseAuth */; };
		3F0E8C772AAD538A00D14BCD /* FirebaseFirestore in Frameworks */ = {isa = PBXBuildFile; productRef = 3F0E8C762AAD538A00D14BCD /* FirebaseFirestore */; };
		3F0E8C792AAD538A00D14BCD /* FirebaseFirestoreSwift in Frameworks */ = {isa = PBXBuildFile; productRef = 3F0E8C782AAD538A00D14BCD /* FirebaseFirestoreSwift */; };
		3F0E8C7B2AAD538A00D14BCD /* FirebaseStorage in Frameworks */ = {isa = PBXBuildFile; productRef = 3F0E8C7A2AAD538A00D14BCD /* FirebaseStorage */; };
		3F0E8C7D2AAD540100D14BCD /* AuthViewModel.swift in Sources */ = {isa = PBXBuildFile; fileRef = 3F0E8C7C2AAD540100D14BCD /* AuthViewModel.swift */; };
		3F4D7F762ABB33D5000BA289 /* MainView.swift in Sources */ = {isa = PBXBuildFile; fileRef = 3F4D7F752ABB33D5000BA289 /* MainView.swift */; };
		3F6F731F2AE026DB0045538A /* NoticiasView.swift in Sources */ = {isa = PBXBuildFile; fileRef = 3F6F731E2AE026DB0045538A /* NoticiasView.swift */; };
		3F6F73212AE02AA50045538A /* ListaItensView.swift in Sources */ = {isa = PBXBuildFile; fileRef = 3F6F73202AE02AA50045538A /* ListaItensView.swift */; };
		3F6F73232AE02C730045538A /* DetalheItemView.swift in Sources */ = {isa = PBXBuildFile; fileRef = 3F6F73222AE02C730045538A /* DetalheItemView.swift */; };
		3F6F73252AE031380045538A /* HeadingView.swift in Sources */ = {isa = PBXBuildFile; fileRef = 3F6F73242AE031380045538A /* HeadingView.swift */; };
		3F6F73272AE09F8E0045538A /* AddNoticiaView.swift in Sources */ = {isa = PBXBuildFile; fileRef = 3F6F73262AE09F8E0045538A /* AddNoticiaView.swift */; };
		3F6F732D2AE1ED8B0045538A /* EditProfileView.swift in Sources */ = {isa = PBXBuildFile; fileRef = 3F6F732C2AE1ED8B0045538A /* EditProfileView.swift */; };
		3FA9E34F2ABB361C0011B401 /* MainTabView.swift in Sources */ = {isa = PBXBuildFile; fileRef = 3FA9E34E2ABB361C0011B401 /* MainTabView.swift */; };
		3FA9E3512ABB3BB10011B401 /* ConteudosView.swift in Sources */ = {isa = PBXBuildFile; fileRef = 3FA9E3502ABB3BB10011B401 /* ConteudosView.swift */; };
		3FA9E3572AD3425A0011B401 /* ConteudosViewModel.swift in Sources */ = {isa = PBXBuildFile; fileRef = 3FA9E3562AD3425A0011B401 /* ConteudosViewModel.swift */; };
		3FA9E3592AD34A150011B401 /* VideoUploader.swift in Sources */ = {isa = PBXBuildFile; fileRef = 3FA9E3582AD34A150011B401 /* VideoUploader.swift */; };
		3FA9E35B2AD34FD80011B401 /* Video.swift in Sources */ = {isa = PBXBuildFile; fileRef = 3FA9E35A2AD34FD80011B401 /* Video.swift */; };
		3FC6076F2AB7C9F500228A1C /* ForgetPasswordView.swift in Sources */ = {isa = PBXBuildFile; fileRef = 3FC6076E2AB7C9F400228A1C /* ForgetPasswordView.swift */; };
		3FF269E72AACEC0800F84489 /* MedConnectApp.swift in Sources */ = {isa = PBXBuildFile; fileRef = 3FF269E62AACEC0800F84489 /* MedConnectApp.swift */; };
		3FF269EB2AACEC0B00F84489 /* Assets.xcassets in Resources */ = {isa = PBXBuildFile; fileRef = 3FF269EA2AACEC0B00F84489 /* Assets.xcassets */; };
		3FF269EE2AACEC0B00F84489 /* Preview Assets.xcassets in Resources */ = {isa = PBXBuildFile; fileRef = 3FF269ED2AACEC0B00F84489 /* Preview Assets.xcassets */; };
		3FF269FA2AACEEA300F84489 /* ContentView.swift in Sources */ = {isa = PBXBuildFile; fileRef = 3FF269F92AACEEA300F84489 /* ContentView.swift */; };
		3FF269FF2AACEF4300F84489 /* LoginView.swift in Sources */ = {isa = PBXBuildFile; fileRef = 3FF269FE2AACEF4300F84489 /* LoginView.swift */; };
		3FF26A022AACF26B00F84489 /* InputView.swift in Sources */ = {isa = PBXBuildFile; fileRef = 3FF26A002AACF04B00F84489 /* InputView.swift */; };
/* End PBXBuildFile section */

/* Begin PBXFileReference section */
		3F0E8C692AACFA6B00D14BCD /* RegistrationView.swift */ = {isa = PBXFileReference; lastKnownFileType = sourcecode.swift; path = RegistrationView.swift; sourceTree = "<group>"; };
		3F0E8C6B2AACFDC200D14BCD /* ProfileView.swift */ = {isa = PBXFileReference; lastKnownFileType = sourcecode.swift; path = ProfileView.swift; sourceTree = "<group>"; };
		3F0E8C6D2AAD004300D14BCD /* SettingsRowView.swift */ = {isa = PBXFileReference; lastKnownFileType = sourcecode.swift; path = SettingsRowView.swift; sourceTree = "<group>"; };
		3F0E8C6F2AAD1EB000D14BCD /* User.swift */ = {isa = PBXFileReference; lastKnownFileType = sourcecode.swift; path = User.swift; sourceTree = "<group>"; };
		3F0E8C712AAD265C00D14BCD /* GoogleService-Info.plist */ = {isa = PBXFileReference; lastKnownFileType = text.plist.xml; name = "GoogleService-Info.plist"; path = "MedConnect/GoogleService-Info.plist"; sourceTree = SOURCE_ROOT; };
		3F0E8C7C2AAD540100D14BCD /* AuthViewModel.swift */ = {isa = PBXFileReference; lastKnownFileType = sourcecode.swift; path = AuthViewModel.swift; sourceTree = "<group>"; };
		3F4D7F752ABB33D5000BA289 /* MainView.swift */ = {isa = PBXFileReference; lastKnownFileType = sourcecode.swift; path = MainView.swift; sourceTree = "<group>"; };
		3F6F731E2AE026DB0045538A /* NoticiasView.swift */ = {isa = PBXFileReference; lastKnownFileType = sourcecode.swift; path = NoticiasView.swift; sourceTree = "<group>"; };
		3F6F73202AE02AA50045538A /* ListaItensView.swift */ = {isa = PBXFileReference; lastKnownFileType = sourcecode.swift; path = ListaItensView.swift; sourceTree = "<group>"; };
		3F6F73222AE02C730045538A /* DetalheItemView.swift */ = {isa = PBXFileReference; lastKnownFileType = sourcecode.swift; path = DetalheItemView.swift; sourceTree = "<group>"; };
		3F6F73242AE031380045538A /* HeadingView.swift */ = {isa = PBXFileReference; lastKnownFileType = sourcecode.swift; path = HeadingView.swift; sourceTree = "<group>"; };
		3F6F73262AE09F8E0045538A /* AddNoticiaView.swift */ = {isa = PBXFileReference; lastKnownFileType = sourcecode.swift; path = AddNoticiaView.swift; sourceTree = "<group>"; };
		3F6F732C2AE1ED8B0045538A /* EditProfileView.swift */ = {isa = PBXFileReference; lastKnownFileType = sourcecode.swift; path = EditProfileView.swift; sourceTree = "<group>"; };
		3FA9E34E2ABB361C0011B401 /* MainTabView.swift */ = {isa = PBXFileReference; lastKnownFileType = sourcecode.swift; path = MainTabView.swift; sourceTree = "<group>"; };
		3FA9E3502ABB3BB10011B401 /* ConteudosView.swift */ = {isa = PBXFileReference; lastKnownFileType = sourcecode.swift; path = ConteudosView.swift; sourceTree = "<group>"; };
		3FA9E3562AD3425A0011B401 /* ConteudosViewModel.swift */ = {isa = PBXFileReference; lastKnownFileType = sourcecode.swift; path = ConteudosViewModel.swift; sourceTree = "<group>"; };
		3FA9E3582AD34A150011B401 /* VideoUploader.swift */ = {isa = PBXFileReference; lastKnownFileType = sourcecode.swift; path = VideoUploader.swift; sourceTree = "<group>"; };
		3FA9E35A2AD34FD80011B401 /* Video.swift */ = {isa = PBXFileReference; lastKnownFileType = sourcecode.swift; path = Video.swift; sourceTree = "<group>"; };
		3FC6076E2AB7C9F400228A1C /* ForgetPasswordView.swift */ = {isa = PBXFileReference; lastKnownFileType = sourcecode.swift; path = ForgetPasswordView.swift; sourceTree = "<group>"; };
		3FF269E32AACEC0800F84489 /* MedConnect.app */ = {isa = PBXFileReference; explicitFileType = wrapper.application; includeInIndex = 0; path = MedConnect.app; sourceTree = BUILT_PRODUCTS_DIR; };
		3FF269E62AACEC0800F84489 /* MedConnectApp.swift */ = {isa = PBXFileReference; lastKnownFileType = sourcecode.swift; path = MedConnectApp.swift; sourceTree = "<group>"; };
		3FF269EA2AACEC0B00F84489 /* Assets.xcassets */ = {isa = PBXFileReference; lastKnownFileType = folder.assetcatalog; path = Assets.xcassets; sourceTree = "<group>"; };
		3FF269ED2AACEC0B00F84489 /* Preview Assets.xcassets */ = {isa = PBXFileReference; lastKnownFileType = folder.assetcatalog; path = "Preview Assets.xcassets"; sourceTree = "<group>"; };
		3FF269F92AACEEA300F84489 /* ContentView.swift */ = {isa = PBXFileReference; lastKnownFileType = sourcecode.swift; path = ContentView.swift; sourceTree = "<group>"; };
		3FF269FE2AACEF4300F84489 /* LoginView.swift */ = {isa = PBXFileReference; lastKnownFileType = sourcecode.swift; path = LoginView.swift; sourceTree = "<group>"; };
		3FF26A002AACF04B00F84489 /* InputView.swift */ = {isa = PBXFileReference; lastKnownFileType = sourcecode.swift; path = InputView.swift; sourceTree = "<group>"; };
/* End PBXFileReference section */

/* Begin PBXFrameworksBuildPhase section */
		3FF269E02AACEC0800F84489 /* Frameworks */ = {
			isa = PBXFrameworksBuildPhase;
			buildActionMask = 2147483647;
			files = (
				3F0E8C752AAD538A00D14BCD /* FirebaseAuth in Frameworks */,
				3F0E8C7B2AAD538A00D14BCD /* FirebaseStorage in Frameworks */,
				3F0E8C772AAD538A00D14BCD /* FirebaseFirestore in Frameworks */,
				3F0E8C792AAD538A00D14BCD /* FirebaseFirestoreSwift in Frameworks */,
			);
			runOnlyForDeploymentPostprocessing = 0;
		};
/* End PBXFrameworksBuildPhase section */

/* Begin PBXGroup section */
		3FA9E3552AD342450011B401 /* ViewModel */ = {
			isa = PBXGroup;
			children = (
				3FA9E3562AD3425A0011B401 /* ConteudosViewModel.swift */,
			);
			path = ViewModel;
			sourceTree = "<group>";
		};
		3FF269DA2AACEC0800F84489 = {
			isa = PBXGroup;
			children = (
				3FF269E52AACEC0800F84489 /* MedConnect */,
				3FF269E42AACEC0800F84489 /* Products */,
			);
			sourceTree = "<group>";
		};
		3FF269E42AACEC0800F84489 /* Products */ = {
			isa = PBXGroup;
			children = (
				3FF269E32AACEC0800F84489 /* MedConnect.app */,
			);
			name = Products;
			sourceTree = "<group>";
		};
		3FF269E52AACEC0800F84489 /* MedConnect */ = {
			isa = PBXGroup;
			children = (
				3FA9E3552AD342450011B401 /* ViewModel */,
				3FF269FB2AACEEF200F84489 /* Utility */,
				3FF269F62AACED3000F84489 /* Model */,
				3FF269F52AACED2D00F84489 /* View */,
				3FF269F42AACED2600F84489 /* App */,
				3FF269EA2AACEC0B00F84489 /* Assets.xcassets */,
				3F0E8C712AAD265C00D14BCD /* GoogleService-Info.plist */,
				3FF269EC2AACEC0B00F84489 /* Preview Content */,
			);
			path = MedConnect;
			sourceTree = "<group>";
		};
		3FF269EC2AACEC0B00F84489 /* Preview Content */ = {
			isa = PBXGroup;
			children = (
				3FF269ED2AACEC0B00F84489 /* Preview Assets.xcassets */,
			);
			path = "Preview Content";
			sourceTree = "<group>";
		};
		3FF269F42AACED2600F84489 /* App */ = {
			isa = PBXGroup;
			children = (
				3FF269E62AACEC0800F84489 /* MedConnectApp.swift */,
				3FF269F92AACEEA300F84489 /* ContentView.swift */,
				3FF269FE2AACEF4300F84489 /* LoginView.swift */,
				3F0E8C692AACFA6B00D14BCD /* RegistrationView.swift */,
				3F0E8C6B2AACFDC200D14BCD /* ProfileView.swift */,
				3FC6076E2AB7C9F400228A1C /* ForgetPasswordView.swift */,
				3F4D7F752ABB33D5000BA289 /* MainView.swift */,
				3FA9E34E2ABB361C0011B401 /* MainTabView.swift */,
				3FA9E3502ABB3BB10011B401 /* ConteudosView.swift */,
				3F6F731E2AE026DB0045538A /* NoticiasView.swift */,
				3F6F73262AE09F8E0045538A /* AddNoticiaView.swift */,
				3F6F732C2AE1ED8B0045538A /* EditProfileView.swift */,
			);
			path = App;
			sourceTree = "<group>";
		};
		3FF269F52AACED2D00F84489 /* View */ = {
			isa = PBXGroup;
			children = (
				3FF26A002AACF04B00F84489 /* InputView.swift */,
				3F0E8C6D2AAD004300D14BCD /* SettingsRowView.swift */,
				3F6F73202AE02AA50045538A /* ListaItensView.swift */,
				3F6F73222AE02C730045538A /* DetalheItemView.swift */,
				3F6F73242AE031380045538A /* HeadingView.swift */,
			);
			path = View;
			sourceTree = "<group>";
		};
		3FF269F62AACED3000F84489 /* Model */ = {
			isa = PBXGroup;
			children = (
				3F0E8C6F2AAD1EB000D14BCD /* User.swift */,
				3F0E8C7C2AAD540100D14BCD /* AuthViewModel.swift */,
				3FA9E35A2AD34FD80011B401 /* Video.swift */,
			);
			path = Model;
			sourceTree = "<group>";
		};
		3FF269FB2AACEEF200F84489 /* Utility */ = {
			isa = PBXGroup;
			children = (
				3FA9E3582AD34A150011B401 /* VideoUploader.swift */,
			);
			path = Utility;
			sourceTree = "<group>";
		};
/* End PBXGroup section */

/* Begin PBXNativeTarget section */
		3FF269E22AACEC0800F84489 /* MedConnect */ = {
			isa = PBXNativeTarget;
			buildConfigurationList = 3FF269F12AACEC0B00F84489 /* Build configuration list for PBXNativeTarget "MedConnect" */;
			buildPhases = (
				3FF269DF2AACEC0800F84489 /* Sources */,
				3FF269E02AACEC0800F84489 /* Frameworks */,
				3FF269E12AACEC0800F84489 /* Resources */,
			);
			buildRules = (
			);
			dependencies = (
			);
			name = MedConnect;
			packageProductDependencies = (
				3F0E8C742AAD538A00D14BCD /* FirebaseAuth */,
				3F0E8C762AAD538A00D14BCD /* FirebaseFirestore */,
				3F0E8C782AAD538A00D14BCD /* FirebaseFirestoreSwift */,
				3F0E8C7A2AAD538A00D14BCD /* FirebaseStorage */,
			);
			productName = MedConnect;
			productReference = 3FF269E32AACEC0800F84489 /* MedConnect.app */;
			productType = "com.apple.product-type.application";
		};
/* End PBXNativeTarget section */

/* Begin PBXProject section */
		3FF269DB2AACEC0800F84489 /* Project object */ = {
			isa = PBXProject;
			attributes = {
				BuildIndependentTargetsInParallel = 1;
				LastSwiftUpdateCheck = 1430;
				LastUpgradeCheck = 1430;
				TargetAttributes = {
					3FF269E22AACEC0800F84489 = {
						CreatedOnToolsVersion = 14.3.1;
					};
				};
			};
			buildConfigurationList = 3FF269DE2AACEC0800F84489 /* Build configuration list for PBXProject "MedConnect" */;
			compatibilityVersion = "Xcode 14.0";
			developmentRegion = en;
			hasScannedForEncodings = 0;
			knownRegions = (
				en,
				Base,
			);
			mainGroup = 3FF269DA2AACEC0800F84489;
			packageReferences = (
				3F0E8C732AAD538A00D14BCD /* XCRemoteSwiftPackageReference "firebase-ios-sdk" */,
			);
			productRefGroup = 3FF269E42AACEC0800F84489 /* Products */;
			projectDirPath = "";
			projectRoot = "";
			targets = (
				3FF269E22AACEC0800F84489 /* MedConnect */,
			);
		};
/* End PBXProject section */

/* Begin PBXResourcesBuildPhase section */
		3FF269E12AACEC0800F84489 /* Resources */ = {
			isa = PBXResourcesBuildPhase;
			buildActionMask = 2147483647;
			files = (
				3FF269EE2AACEC0B00F84489 /* Preview Assets.xcassets in Resources */,
				3FF269EB2AACEC0B00F84489 /* Assets.xcassets in Resources */,
				3F0E8C722AAD265C00D14BCD /* GoogleService-Info.plist in Resources */,
			);
			runOnlyForDeploymentPostprocessing = 0;
		};
/* End PBXResourcesBuildPhase section */

/* Begin PBXSourcesBuildPhase section */
		3FF269DF2AACEC0800F84489 /* Sources */ = {
			isa = PBXSourcesBuildPhase;
			buildActionMask = 2147483647;
			files = (
				3FC6076F2AB7C9F500228A1C /* ForgetPasswordView.swift in Sources */,
				3FA9E3572AD3425A0011B401 /* ConteudosViewModel.swift in Sources */,
				3FF269FF2AACEF4300F84489 /* LoginView.swift in Sources */,
				3FF26A022AACF26B00F84489 /* InputView.swift in Sources */,
				3F6F731F2AE026DB0045538A /* NoticiasView.swift in Sources */,
				3FF269FA2AACEEA300F84489 /* ContentView.swift in Sources */,
				3FF269E72AACEC0800F84489 /* MedConnectApp.swift in Sources */,
				3F6F73232AE02C730045538A /* DetalheItemView.swift in Sources */,
				3F6F73272AE09F8E0045538A /* AddNoticiaView.swift in Sources */,
				3FA9E3512ABB3BB10011B401 /* ConteudosView.swift in Sources */,
				3F0E8C702AAD1EB000D14BCD /* User.swift in Sources */,
				3F0E8C6C2AACFDC200D14BCD /* ProfileView.swift in Sources */,
				3F6F73252AE031380045538A /* HeadingView.swift in Sources */,
				3FA9E3592AD34A150011B401 /* VideoUploader.swift in Sources */,
				3F6F732D2AE1ED8B0045538A /* EditProfileView.swift in Sources */,
				3F4D7F762ABB33D5000BA289 /* MainView.swift in Sources */,
				3F0E8C6A2AACFA6B00D14BCD /* RegistrationView.swift in Sources */,
				3F0E8C6E2AAD004300D14BCD /* SettingsRowView.swift in Sources */,
				3FA9E35B2AD34FD80011B401 /* Video.swift in Sources */,
				3F0E8C7D2AAD540100D14BCD /* AuthViewModel.swift in Sources */,
				3F6F73212AE02AA50045538A /* ListaItensView.swift in Sources */,
				3FA9E34F2ABB361C0011B401 /* MainTabView.swift in Sources */,
			);
			runOnlyForDeploymentPostprocessing = 0;
		};
/* End PBXSourcesBuildPhase section */

/* Begin XCBuildConfiguration section */
		3FF269EF2AACEC0B00F84489 /* Debug */ = {
			isa = XCBuildConfiguration;
			buildSettings = {
				ALWAYS_SEARCH_USER_PATHS = NO;
				CLANG_ANALYZER_NONNULL = YES;
				CLANG_ANALYZER_NUMBER_OBJECT_CONVERSION = YES_AGGRESSIVE;
				CLANG_CXX_LANGUAGE_STANDARD = "gnu++20";
				CLANG_ENABLE_MODULES = YES;
				CLANG_ENABLE_OBJC_ARC = YES;
				CLANG_ENABLE_OBJC_WEAK = YES;
				CLANG_WARN_BLOCK_CAPTURE_AUTORELEASING = YES;
				CLANG_WARN_BOOL_CONVERSION = YES;
				CLANG_WARN_COMMA = YES;
				CLANG_WARN_CONSTANT_CONVERSION = YES;
				CLANG_WARN_DEPRECATED_OBJC_IMPLEMENTATIONS = YES;
				CLANG_WARN_DIRECT_OBJC_ISA_USAGE = YES_ERROR;
				CLANG_WARN_DOCUMENTATION_COMMENTS = YES;
				CLANG_WARN_EMPTY_BODY = YES;
				CLANG_WARN_ENUM_CONVERSION = YES;
				CLANG_WARN_INFINITE_RECURSION = YES;
				CLANG_WARN_INT_CONVERSION = YES;
				CLANG_WARN_NON_LITERAL_NULL_CONVERSION = YES;
				CLANG_WARN_OBJC_IMPLICIT_RETAIN_SELF = YES;
				CLANG_WARN_OBJC_LITERAL_CONVERSION = YES;
				CLANG_WARN_OBJC_ROOT_CLASS = YES_ERROR;
				CLANG_WARN_QUOTED_INCLUDE_IN_FRAMEWORK_HEADER = YES;
				CLANG_WARN_RANGE_LOOP_ANALYSIS = YES;
				CLANG_WARN_STRICT_PROTOTYPES = YES;
				CLANG_WARN_SUSPICIOUS_MOVE = YES;
				CLANG_WARN_UNGUARDED_AVAILABILITY = YES_AGGRESSIVE;
				CLANG_WARN_UNREACHABLE_CODE = YES;
				CLANG_WARN__DUPLICATE_METHOD_MATCH = YES;
				COPY_PHASE_STRIP = NO;
				DEBUG_INFORMATION_FORMAT = dwarf;
				ENABLE_STRICT_OBJC_MSGSEND = YES;
				ENABLE_TESTABILITY = YES;
				GCC_C_LANGUAGE_STANDARD = gnu11;
				GCC_DYNAMIC_NO_PIC = NO;
				GCC_NO_COMMON_BLOCKS = YES;
				GCC_OPTIMIZATION_LEVEL = 0;
				GCC_PREPROCESSOR_DEFINITIONS = (
					"DEBUG=1",
					"$(inherited)",
				);
				GCC_WARN_64_TO_32_BIT_CONVERSION = YES;
				GCC_WARN_ABOUT_RETURN_TYPE = YES_ERROR;
				GCC_WARN_UNDECLARED_SELECTOR = YES;
				GCC_WARN_UNINITIALIZED_AUTOS = YES_AGGRESSIVE;
				GCC_WARN_UNUSED_FUNCTION = YES;
				GCC_WARN_UNUSED_VARIABLE = YES;
				IPHONEOS_DEPLOYMENT_TARGET = 16.4;
				MTL_ENABLE_DEBUG_INFO = INCLUDE_SOURCE;
				MTL_FAST_MATH = YES;
				ONLY_ACTIVE_ARCH = YES;
				SDKROOT = iphoneos;
				SWIFT_ACTIVE_COMPILATION_CONDITIONS = DEBUG;
				SWIFT_OPTIMIZATION_LEVEL = "-Onone";
			};
			name = Debug;
		};
		3FF269F02AACEC0B00F84489 /* Release */ = {
			isa = XCBuildConfiguration;
			buildSettings = {
				ALWAYS_SEARCH_USER_PATHS = NO;
				CLANG_ANALYZER_NONNULL = YES;
				CLANG_ANALYZER_NUMBER_OBJECT_CONVERSION = YES_AGGRESSIVE;
				CLANG_CXX_LANGUAGE_STANDARD = "gnu++20";
				CLANG_ENABLE_MODULES = YES;
				CLANG_ENABLE_OBJC_ARC = YES;
				CLANG_ENABLE_OBJC_WEAK = YES;
				CLANG_WARN_BLOCK_CAPTURE_AUTORELEASING = YES;
				CLANG_WARN_BOOL_CONVERSION = YES;
				CLANG_WARN_COMMA = YES;
				CLANG_WARN_CONSTANT_CONVERSION = YES;
				CLANG_WARN_DEPRECATED_OBJC_IMPLEMENTATIONS = YES;
				CLANG_WARN_DIRECT_OBJC_ISA_USAGE = YES_ERROR;
				CLANG_WARN_DOCUMENTATION_COMMENTS = YES;
				CLANG_WARN_EMPTY_BODY = YES;
				CLANG_WARN_ENUM_CONVERSION = YES;
				CLANG_WARN_INFINITE_RECURSION = YES;
				CLANG_WARN_INT_CONVERSION = YES;
				CLANG_WARN_NON_LITERAL_NULL_CONVERSION = YES;
				CLANG_WARN_OBJC_IMPLICIT_RETAIN_SELF = YES;
				CLANG_WARN_OBJC_LITERAL_CONVERSION = YES;
				CLANG_WARN_OBJC_ROOT_CLASS = YES_ERROR;
				CLANG_WARN_QUOTED_INCLUDE_IN_FRAMEWORK_HEADER = YES;
				CLANG_WARN_RANGE_LOOP_ANALYSIS = YES;
				CLANG_WARN_STRICT_PROTOTYPES = YES;
				CLANG_WARN_SUSPICIOUS_MOVE = YES;
				CLANG_WARN_UNGUARDED_AVAILABILITY = YES_AGGRESSIVE;
				CLANG_WARN_UNREACHABLE_CODE = YES;
				CLANG_WARN__DUPLICATE_METHOD_MATCH = YES;
				COPY_PHASE_STRIP = NO;
				DEBUG_INFORMATION_FORMAT = "dwarf-with-dsym";
				ENABLE_NS_ASSERTIONS = NO;
				ENABLE_STRICT_OBJC_MSGSEND = YES;
				GCC_C_LANGUAGE_STANDARD = gnu11;
				GCC_NO_COMMON_BLOCKS = YES;
				GCC_WARN_64_TO_32_BIT_CONVERSION = YES;
				GCC_WARN_ABOUT_RETURN_TYPE = YES_ERROR;
				GCC_WARN_UNDECLARED_SELECTOR = YES;
				GCC_WARN_UNINITIALIZED_AUTOS = YES_AGGRESSIVE;
				GCC_WARN_UNUSED_FUNCTION = YES;
				GCC_WARN_UNUSED_VARIABLE = YES;
				IPHONEOS_DEPLOYMENT_TARGET = 16.4;
				MTL_ENABLE_DEBUG_INFO = NO;
				MTL_FAST_MATH = YES;
				SDKROOT = iphoneos;
				SWIFT_COMPILATION_MODE = wholemodule;
				SWIFT_OPTIMIZATION_LEVEL = "-O";
				VALIDATE_PRODUCT = YES;
			};
			name = Release;
		};
		3FF269F22AACEC0B00F84489 /* Debug */ = {
			isa = XCBuildConfiguration;
			buildSettings = {
				ASSETCATALOG_COMPILER_APPICON_NAME = AppIcon;
				ASSETCATALOG_COMPILER_GLOBAL_ACCENT_COLOR_NAME = AccentColor;
				CODE_SIGN_STYLE = Automatic;
				CURRENT_PROJECT_VERSION = 1;
				DEVELOPMENT_ASSET_PATHS = "\"MedConnect/Preview Content\"";
				ENABLE_PREVIEWS = YES;
				GENERATE_INFOPLIST_FILE = YES;
				INFOPLIST_KEY_UIApplicationSceneManifest_Generation = YES;
				INFOPLIST_KEY_UIApplicationSupportsIndirectInputEvents = YES;
				INFOPLIST_KEY_UILaunchScreen_Generation = YES;
				INFOPLIST_KEY_UISupportedInterfaceOrientations_iPad = "UIInterfaceOrientationPortrait UIInterfaceOrientationPortraitUpsideDown UIInterfaceOrientationLandscapeLeft UIInterfaceOrientationLandscapeRight";
				INFOPLIST_KEY_UISupportedInterfaceOrientations_iPhone = "UIInterfaceOrientationPortrait UIInterfaceOrientationLandscapeLeft UIInterfaceOrientationLandscapeRight";
				LD_RUNPATH_SEARCH_PATHS = (
					"$(inherited)",
					"@executable_path/Frameworks",
				);
				MARKETING_VERSION = 1.0;
				PRODUCT_BUNDLE_IDENTIFIER = com.luanbarroso.MedConnect;
				PRODUCT_NAME = "$(TARGET_NAME)";
				SWIFT_EMIT_LOC_STRINGS = YES;
				SWIFT_VERSION = 5.0;
				TARGETED_DEVICE_FAMILY = "1,2";
			};
			name = Debug;
		};
		3FF269F32AACEC0B00F84489 /* Release */ = {
			isa = XCBuildConfiguration;
			buildSettings = {
				ASSETCATALOG_COMPILER_APPICON_NAME = AppIcon;
				ASSETCATALOG_COMPILER_GLOBAL_ACCENT_COLOR_NAME = AccentColor;
				CODE_SIGN_STYLE = Automatic;
				CURRENT_PROJECT_VERSION = 1;
				DEVELOPMENT_ASSET_PATHS = "\"MedConnect/Preview Content\"";
				ENABLE_PREVIEWS = YES;
				GENERATE_INFOPLIST_FILE = YES;
				INFOPLIST_KEY_UIApplicationSceneManifest_Generation = YES;
				INFOPLIST_KEY_UIApplicationSupportsIndirectInputEvents = YES;
				INFOPLIST_KEY_UILaunchScreen_Generation = YES;
				INFOPLIST_KEY_UISupportedInterfaceOrientations_iPad = "UIInterfaceOrientationPortrait UIInterfaceOrientationPortraitUpsideDown UIInterfaceOrientationLandscapeLeft UIInterfaceOrientationLandscapeRight";
				INFOPLIST_KEY_UISupportedInterfaceOrientations_iPhone = "UIInterfaceOrientationPortrait UIInterfaceOrientationLandscapeLeft UIInterfaceOrientationLandscapeRight";
				LD_RUNPATH_SEARCH_PATHS = (
					"$(inherited)",
					"@executable_path/Frameworks",
				);
				MARKETING_VERSION = 1.0;
				PRODUCT_BUNDLE_IDENTIFIER = com.luanbarroso.MedConnect;
				PRODUCT_NAME = "$(TARGET_NAME)";
				SWIFT_EMIT_LOC_STRINGS = YES;
				SWIFT_VERSION = 5.0;
				TARGETED_DEVICE_FAMILY = "1,2";
			};
			name = Release;
		};
/* End XCBuildConfiguration section */

/* Begin XCConfigurationList section */
		3FF269DE2AACEC0800F84489 /* Build configuration list for PBXProject "MedConnect" */ = {
			isa = XCConfigurationList;
			buildConfigurations = (
				3FF269EF2AACEC0B00F84489 /* Debug */,
				3FF269F02AACEC0B00F84489 /* Release */,
			);
			defaultConfigurationIsVisible = 0;
			defaultConfigurationName = Release;
		};
		3FF269F12AACEC0B00F84489 /* Build configuration list for PBXNativeTarget "MedConnect" */ = {
			isa = XCConfigurationList;
			buildConfigurations = (
				3FF269F22AACEC0B00F84489 /* Debug */,
				3FF269F32AACEC0B00F84489 /* Release */,
			);
			defaultConfigurationIsVisible = 0;
			defaultConfigurationName = Release;
		};
/* End XCConfigurationList section */

/* Begin XCRemoteSwiftPackageReference section */
		3F0E8C732AAD538A00D14BCD /* XCRemoteSwiftPackageReference "firebase-ios-sdk" */ = {
			isa = XCRemoteSwiftPackageReference;
			repositoryURL = "https://github.com/firebase/firebase-ios-sdk";
			requirement = {
				kind = upToNextMajorVersion;
				minimumVersion = 10.0.0;
			};
		};
/* End XCRemoteSwiftPackageReference section */

/* Begin XCSwiftPackageProductDependency section */
		3F0E8C742AAD538A00D14BCD /* FirebaseAuth */ = {
			isa = XCSwiftPackageProductDependency;
			package = 3F0E8C732AAD538A00D14BCD /* XCRemoteSwiftPackageReference "firebase-ios-sdk" */;
			productName = FirebaseAuth;
		};
		3F0E8C762AAD538A00D14BCD /* FirebaseFirestore */ = {
			isa = XCSwiftPackageProductDependency;
			package = 3F0E8C732AAD538A00D14BCD /* XCRemoteSwiftPackageReference "firebase-ios-sdk" */;
			productName = FirebaseFirestore;
		};
		3F0E8C782AAD538A00D14BCD /* FirebaseFirestoreSwift */ = {
			isa = XCSwiftPackageProductDependency;
			package = 3F0E8C732AAD538A00D14BCD /* XCRemoteSwiftPackageReference "firebase-ios-sdk" */;
			productName = FirebaseFirestoreSwift;
		};
		3F0E8C7A2AAD538A00D14BCD /* FirebaseStorage */ = {
			isa = XCSwiftPackageProductDependency;
			package = 3F0E8C732AAD538A00D14BCD /* XCRemoteSwiftPackageReference "firebase-ios-sdk" */;
			productName = FirebaseStorage;
		};
/* End XCSwiftPackageProductDependency section */
	};
	rootObject = 3FF269DB2AACEC0800F84489 /* Project object */;
}
